
Microsoft Visual Studio Solution File, Format Version 12.00
# Visual Studio Version 17
VisualStudioVersion = 17.1.32328.378
MinimumVisualStudioVersion = 10.0.40219.1
Project("{8BC9CEB8-8B4A-11D0-8D11-00A0C91BC942}") = "Lab-11", "Lab-11.vcxproj", "{8212C1F2-CE1C-4FC0-8230-7AA35874772C}"
EndProject
Global
	GlobalSection(SolutionConfigurationPlatforms) = preSolution
		Debug|x64 = Debug|x64
		Debug|x86 = Debug|x86
		Release|x64 = Release|x64
		Release|x86 = Release|x86
	EndGlobalSection
	GlobalSection(ProjectConfigurationPlatforms) = postSolution
		{8212C1F2-CE1C-4FC0-8230-7AA35874772C}.Debug|x64.ActiveCfg = Debug|x64
		{8212C1F2-CE1C-4FC0-8230-7AA35874772C}.Debug|x64.Build.0 = Debug|x64
		{8212C1F2-CE1C-4FC0-8230-7AA35874772C}.Debug|x86.ActiveCfg = Debug|Win32
		{8212C1F2-CE1C-4FC0-8230-7AA35874772C}.Debug|x86.Build.0 = Debug|Win32
		{8212C1F2-CE1C-4FC0-8230-7AA35874772C}.Release|x64.ActiveCfg = Release|x64
		{8212C1F2-CE1C-4FC0-8230-7AA35874772C}.Release|x64.Build.0 = Release|x64
		{8212C1F2-CE1C-4FC0-8230-7AA35874772C}.Release|x86.ActiveCfg = Release|Win32
		{8212C1F2-CE1C-4FC0-8230-7AA35874772C}.Release|x86.Build.0 = Release|Win32
	EndGlobalSection
	GlobalSection(SolutionProperties) = preSolution
		HideSolutionNode = FALSE
	EndGlobalSection
	GlobalSection(ExtensibilityGlobals) = postSolution
		SolutionGuid = {0BAE7293-BD26-4259-8C23-BFB1D1323F63}
	EndGlobalSection
EndGlobal
